
Microsoft Visual Studio Solution File, Format Version 12.00
# Visual Studio Version 17
VisualStudioVersion = 17.14.36518.9 d17.14
MinimumVisualStudioVersion = 10.0.40219.1
Project("{FAE04EC0-301F-11D3-BF4B-00C04F79EFBC}") = "Survive the night", "Survive the night.csproj", "{37FBD4D1-4727-4EF8-978F-7F3C9797A0EE}"
EndProject
Global
	GlobalSection(SolutionConfigurationPlatforms) = preSolution
		Debug|Any CPU = Debug|Any CPU
		Release|Any CPU = Release|Any CPU
	EndGlobalSection
	GlobalSection(ProjectConfigurationPlatforms) = postSolution
		{37FBD4D1-4727-4EF8-978F-7F3C9797A0EE}.Debug|Any CPU.ActiveCfg = Debug|Any CPU
		{37FBD4D1-4727-4EF8-978F-7F3C9797A0EE}.Debug|Any CPU.Build.0 = Debug|Any CPU
		{37FBD4D1-4727-4EF8-978F-7F3C9797A0EE}.Release|Any CPU.ActiveCfg = Release|Any CPU
		{37FBD4D1-4727-4EF8-978F-7F3C9797A0EE}.Release|Any CPU.Build.0 = Release|Any CPU
	EndGlobalSection
	GlobalSection(SolutionProperties) = preSolution
		HideSolutionNode = FALSE
	EndGlobalSection
	GlobalSection(ExtensibilityGlobals) = postSolution
		SolutionGuid = {F3F32914-0ACD-4159-A5C6-56E176DEE1EA}
	EndGlobalSection
EndGlobal
